
Microsoft Visual Studio Solution File, Format Version 11.00
# Visual Studio 2010
Project("{FAE04EC0-301F-11D3-BF4B-00C04F79EFBC}") = "SharedLibrary", "SharedLibrary.csproj", "{AF583FEE-6B3C-4688-9FAE-A993A0A424CC}"
EndProject
Global
	GlobalSection(SolutionConfigurationPlatforms) = preSolution
		Debug|Any CPU = Debug|Any CPU
		Release|Any CPU = Release|Any CPU
	EndGlobalSection
	GlobalSection(ProjectConfigurationPlatforms) = postSolution
		{AF583FEE-6B3C-4688-9FAE-A993A0A424CC}.Debug|Any CPU.ActiveCfg = Debug|Any CPU
		{AF583FEE-6B3C-4688-9FAE-A993A0A424CC}.Debug|Any CPU.Build.0 = Debug|Any CPU
		{AF583FEE-6B3C-4688-9FAE-A993A0A424CC}.Release|Any CPU.ActiveCfg = Release|Any CPU
		{AF583FEE-6B3C-4688-9FAE-A993A0A424CC}.Release|Any CPU.Build.0 = Release|Any CPU
	EndGlobalSection
	GlobalSection(SolutionProperties) = preSolution
		HideSolutionNode = FALSE
	EndGlobalSection
	GlobalSection(MonoDevelopProperties) = preSolution
		StartupItem = SharedLibrary.csproj
	EndGlobalSection
EndGlobal
